
Microsoft Visual Studio Solution File, Format Version 12.00
# Visual Studio Version 17
VisualStudioVersion = 17.7.34003.232
MinimumVisualStudioVersion = 10.0.40219.1
Project("{9A19103F-16F7-4668-BE54-9A1E7A4F7556}") = "E-CommerceAPI", "E-CommerceAPI\E-CommerceAPI.csproj", "{BEEF490B-F537-498E-9899-5B24643C47E4}"
EndProject
Project("{9A19103F-16F7-4668-BE54-9A1E7A4F7556}") = "DomainLayer", "DomainLayer\DomainLayer.csproj", "{30A6E809-3841-4774-B8AB-C5776A3F0F8F}"
EndProject
Project("{9A19103F-16F7-4668-BE54-9A1E7A4F7556}") = "RepositoryLayer", "RepositoryLayer\RepositoryLayer.csproj", "{897B614F-CD10-4C12-813C-3FBBCA571901}"
EndProject
Project("{9A19103F-16F7-4668-BE54-9A1E7A4F7556}") = "ServiceLayer", "ServiceLayer\ServiceLayer.csproj", "{8FE6C2E4-73EA-48B8-A654-7B9021CE8BA2}"
EndProject
Project("{FAE04EC0-301F-11D3-BF4B-00C04F79EFBC}") = "ASPUnitTest", "ASPUnitTest\ASPUnitTest.csproj", "{F32B85F4-E66D-4611-A81B-9A860CCFD68B}"
EndProject
Global
	GlobalSection(SolutionConfigurationPlatforms) = preSolution
		Debug|Any CPU = Debug|Any CPU
		Release|Any CPU = Release|Any CPU
	EndGlobalSection
	GlobalSection(ProjectConfigurationPlatforms) = postSolution
		{BEEF490B-F537-498E-9899-5B24643C47E4}.Debug|Any CPU.ActiveCfg = Debug|Any CPU
		{BEEF490B-F537-498E-9899-5B24643C47E4}.Debug|Any CPU.Build.0 = Debug|Any CPU
		{BEEF490B-F537-498E-9899-5B24643C47E4}.Release|Any CPU.ActiveCfg = Release|Any CPU
		{BEEF490B-F537-498E-9899-5B24643C47E4}.Release|Any CPU.Build.0 = Release|Any CPU
		{30A6E809-3841-4774-B8AB-C5776A3F0F8F}.Debug|Any CPU.ActiveCfg = Debug|Any CPU
		{30A6E809-3841-4774-B8AB-C5776A3F0F8F}.Debug|Any CPU.Build.0 = Debug|Any CPU
		{30A6E809-3841-4774-B8AB-C5776A3F0F8F}.Release|Any CPU.ActiveCfg = Release|Any CPU
		{30A6E809-3841-4774-B8AB-C5776A3F0F8F}.Release|Any CPU.Build.0 = Release|Any CPU
		{897B614F-CD10-4C12-813C-3FBBCA571901}.Debug|Any CPU.ActiveCfg = Debug|Any CPU
		{897B614F-CD10-4C12-813C-3FBBCA571901}.Debug|Any CPU.Build.0 = Debug|Any CPU
		{897B614F-CD10-4C12-813C-3FBBCA571901}.Release|Any CPU.ActiveCfg = Release|Any CPU
		{897B614F-CD10-4C12-813C-3FBBCA571901}.Release|Any CPU.Build.0 = Release|Any CPU
		{8FE6C2E4-73EA-48B8-A654-7B9021CE8BA2}.Debug|Any CPU.ActiveCfg = Debug|Any CPU
		{8FE6C2E4-73EA-48B8-A654-7B9021CE8BA2}.Debug|Any CPU.Build.0 = Debug|Any CPU
		{8FE6C2E4-73EA-48B8-A654-7B9021CE8BA2}.Release|Any CPU.ActiveCfg = Release|Any CPU
		{8FE6C2E4-73EA-48B8-A654-7B9021CE8BA2}.Release|Any CPU.Build.0 = Release|Any CPU
		{F32B85F4-E66D-4611-A81B-9A860CCFD68B}.Debug|Any CPU.ActiveCfg = Debug|Any CPU
		{F32B85F4-E66D-4611-A81B-9A860CCFD68B}.Debug|Any CPU.Build.0 = Debug|Any CPU
		{F32B85F4-E66D-4611-A81B-9A860CCFD68B}.Release|Any CPU.ActiveCfg = Release|Any CPU
		{F32B85F4-E66D-4611-A81B-9A860CCFD68B}.Release|Any CPU.Build.0 = Release|Any CPU
	EndGlobalSection
	GlobalSection(SolutionProperties) = preSolution
		HideSolutionNode = FALSE
	EndGlobalSection
	GlobalSection(ExtensibilityGlobals) = postSolution
		SolutionGuid = {E6DFF685-FC1D-4608-B420-95D64E375ECC}
	EndGlobalSection
EndGlobal
